
Microsoft Visual Studio Solution File, Format Version 12.00
# Visual Studio Version 17
VisualStudioVersion = 17.14.36408.4 d17.14
MinimumVisualStudioVersion = 10.0.40219.1
Project("{FAE04EC0-301F-11D3-BF4B-00C04F79EFBC}") = "blazor-barcode-scanner", "blazor-barcode-scanner.csproj", "{51565E0D-48D2-D8CE-550B-9DF5B997F754}"
EndProject
Global
	GlobalSection(SolutionConfigurationPlatforms) = preSolution
		Debug|Any CPU = Debug|Any CPU
		Release|Any CPU = Release|Any CPU
	EndGlobalSection
	GlobalSection(ProjectConfigurationPlatforms) = postSolution
		{51565E0D-48D2-D8CE-550B-9DF5B997F754}.Debug|Any CPU.ActiveCfg = Debug|Any CPU
		{51565E0D-48D2-D8CE-550B-9DF5B997F754}.Debug|Any CPU.Build.0 = Debug|Any CPU
		{51565E0D-48D2-D8CE-550B-9DF5B997F754}.Release|Any CPU.ActiveCfg = Release|Any CPU
		{51565E0D-48D2-D8CE-550B-9DF5B997F754}.Release|Any CPU.Build.0 = Release|Any CPU
	EndGlobalSection
	GlobalSection(SolutionProperties) = preSolution
		HideSolutionNode = FALSE
	EndGlobalSection
	GlobalSection(ExtensibilityGlobals) = postSolution
		SolutionGuid = {62923F9E-1640-4314-9707-0E4EF6B5E5D9}
	EndGlobalSection
EndGlobal
